// !$*UTF8*$!
{
	archiveVersion = 1;
	classes = {
	};
	objectVersion = 46;
	objects = {

/* Begin PBXBuildFile section */
		011B50266EFEE2089D12E335 /* PushNotificationService.swift in Sources */ = {isa = PBXBuildFile; fileRef = A910C816C3E018EDE9889B8A /* PushNotificationService.swift */; };
		030E30ED204C047D9F5EC6AE /* TasksListView.swift in Sources */ = {isa = PBXBuildFile; fileRef = 6A8FF6A9972063F7E469EB70 /* TasksListView.swift */; };
		1B5158BD96BDC9B58F001D24 /* AuthManager.swift in Sources */ = {isa = PBXBuildFile; fileRef = 5621DF84D65519CD87AEAF00 /* AuthManager.swift */; };
		1B6C519CAFC343F4A14AFC63 /* ProjectDetailView.swift in Sources */ = {isa = PBXBuildFile; fileRef = 7D49DB9223AF4A0DFE70CE1B /* ProjectDetailView.swift */; };
		20D11B677BC01FC0EA41D1E6 /* Logger.swift in Sources */ = {isa = PBXBuildFile; fileRef = 33BD075F6D98DFD13E1EB9A9 /* Logger.swift */; };
		28AB727B4EBD3DBACE9A8215 /* MapView.swift in Sources */ = {isa = PBXBuildFile; fileRef = 5DEFB25DBA983A99591B50EF /* MapView.swift */; };
		2F19930E413723F5BB3F332B /* NotificationInboxView.swift in Sources */ = {isa = PBXBuildFile; fileRef = 457ACAF018F0EBC3291F7C17 /* NotificationInboxView.swift */; };
		32E585804AAEFCF6F58CAB04 /* ProjectViewModel.swift in Sources */ = {isa = PBXBuildFile; fileRef = C3A8E1E76A5D8E31088B2C6B /* ProjectViewModel.swift */; };
		427022ACC474B8B89C5EBC2A /* ProjectFormView.swift in Sources */ = {isa = PBXBuildFile; fileRef = CEC14A8047E27133D52A97D7 /* ProjectFormView.swift */; };
		46F7FC9F2AA57ECE93707E17 /* Models.swift in Sources */ = {isa = PBXBuildFile; fileRef = C1B05D8F1B71E777C0C473B5 /* Models.swift */; };
		50AD6730146188060B0B1E3C /* NotificationSettingsView.swift in Sources */ = {isa = PBXBuildFile; fileRef = BED9FE593F0668B423A4A575 /* NotificationSettingsView.swift */; };
		52AAF9699C7F7C3E84A6B1F0 /* Components.swift in Sources */ = {isa = PBXBuildFile; fileRef = B297D9200F908F8928F6EC06 /* Components.swift */; };
		5F3EFF31A81424AEDE877EA5 /* DeepLinkRouter.swift in Sources */ = {isa = PBXBuildFile; fileRef = C880F6C5E92EB333D87071C3 /* DeepLinkRouter.swift */; };
		76C878ADBCCC8BD64E63ABCE /* TeamViewModel.swift in Sources */ = {isa = PBXBuildFile; fileRef = 1CBC4C04652A4BE3A5792ABB /* TeamViewModel.swift */; };
		895C117012CCBD5B1861E16D /* Foundation.framework in Frameworks */ = {isa = PBXBuildFile; fileRef = D8BDCA7D1281A39634C4A75F /* Foundation.framework */; };
		911A6E91653FDD592571555A /* SettingsView.swift in Sources */ = {isa = PBXBuildFile; fileRef = 0E20338915FB5AF4DAF8FCD7 /* SettingsView.swift */; };
		919445990F44793532B16457 /* DashboardView.swift in Sources */ = {isa = PBXBuildFile; fileRef = E3ABF90CCAFBEE43B76DF5DD /* DashboardView.swift */; };
		93AAC9E84F1610905971AA82 /* SafetyView.swift in Sources */ = {isa = PBXBuildFile; fileRef = 435F18AA9CDC82E63084A320 /* SafetyView.swift */; };
		96C791C83581E7523D15AE1F /* BuildTrackApp.swift in Sources */ = {isa = PBXBuildFile; fileRef = B1FBD77511FD74D9EDEB1247 /* BuildTrackApp.swift */; };
		A04E48F132296BE442BCFB7D /* SwiftDataStack.swift in Sources */ = {isa = PBXBuildFile; fileRef = 3A2ED3EDDA743BACDFA09B19 /* SwiftDataStack.swift */; };
		A0BC942E449F6371A3CB047C /* Colors.swift in Sources */ = {isa = PBXBuildFile; fileRef = 6A183CCEC9BE419F6352BEE3 /* Colors.swift */; };
		A3C4DB8827E3950C34834B50 /* AuthViewModel.swift in Sources */ = {isa = PBXBuildFile; fileRef = 9686AAD048AA5779EA51BFFA /* AuthViewModel.swift */; };
		AB0C7A2E96CB46CFFB4146E6 /* ReportsView.swift in Sources */ = {isa = PBXBuildFile; fileRef = CF9FCEDE31C14E78D4C20452 /* ReportsView.swift */; };
		B0743B02138DE703E386823F /* AuthView.swift in Sources */ = {isa = PBXBuildFile; fileRef = 460D5692EEDDDA9C5A065AD3 /* AuthView.swift */; };
		B9207CAA12A68CB77E54B028 /* ContentView.swift in Sources */ = {isa = PBXBuildFile; fileRef = FFADCF5FED7C60E9F009C7E3 /* ContentView.swift */; };
		BD4E33E5EC41ED4D7449D5CA /* TaskViewModel.swift in Sources */ = {isa = PBXBuildFile; fileRef = B5624993AEB5D6B3429C450E /* TaskViewModel.swift */; };
		BE6150B8FDCD4BCE8EF9EE64 /* SafetyViewModel.swift in Sources */ = {isa = PBXBuildFile; fileRef = 592ADA4BF12125BD6A41AFEA /* SafetyViewModel.swift */; };
		C87E29119C6DB11162C95FD8 /* Repositories.swift in Sources */ = {isa = PBXBuildFile; fileRef = A6FA02568D29ACD1C2532C59 /* Repositories.swift */; };
		CC7AF92BE3087245A612D202 /* SupabaseManager.swift in Sources */ = {isa = PBXBuildFile; fileRef = B1F6D5297EB693EA1994A966 /* SupabaseManager.swift */; };
		D1CDCE35050C24879528611F /* ProjectsListView.swift in Sources */ = {isa = PBXBuildFile; fileRef = 45FAA965C6B4F1B6680618E3 /* ProjectsListView.swift */; };
		D892D748769E8E9B54FFCB85 /* TaskFormView.swift in Sources */ = {isa = PBXBuildFile; fileRef = 548E6BDF4DDAE6FFA98C887E /* TaskFormView.swift */; };
		F21A5B34B6184E84D5D701C2 /* NotificationViewModel.swift in Sources */ = {isa = PBXBuildFile; fileRef = 174A0FC14BD9E7AC80F5DCF3 /* NotificationViewModel.swift */; };
		F87EA4C2498B68B207169BB5 /* TeamView.swift in Sources */ = {isa = PBXBuildFile; fileRef = 3BFC9A079DD29D94E5C1E524 /* TeamView.swift */; };
		FDEC13B6CE730E758C6B3630 /* RealtimeService.swift in Sources */ = {isa = PBXBuildFile; fileRef = 11E96EF2636B5682B2AE1B42 /* RealtimeService.swift */; };
/* End PBXBuildFile section */

/* Begin PBXFileReference section */
		06A32A7A155D4D304962A4E6 /* BuildTrack.app */ = {isa = PBXFileReference; explicitFileType = wrapper.application; includeInIndex = 0; path = BuildTrack.app; sourceTree = BUILT_PRODUCTS_DIR; };
		0E20338915FB5AF4DAF8FCD7 /* SettingsView.swift */ = {isa = PBXFileReference; includeInIndex = 1; lastKnownFileType = sourcecode.swift; name = SettingsView.swift; path = Features/Settings/SettingsView.swift; sourceTree = "<group>"; };
		11E96EF2636B5682B2AE1B42 /* RealtimeService.swift */ = {isa = PBXFileReference; includeInIndex = 1; lastKnownFileType = sourcecode.swift; name = RealtimeService.swift; path = Infrastructure/Supabase/RealtimeService.swift; sourceTree = "<group>"; };
		174A0FC14BD9E7AC80F5DCF3 /* NotificationViewModel.swift */ = {isa = PBXFileReference; includeInIndex = 1; lastKnownFileType = sourcecode.swift; name = NotificationViewModel.swift; path = Infrastructure/ViewModels/NotificationViewModel.swift; sourceTree = "<group>"; };
		1CBC4C04652A4BE3A5792ABB /* TeamViewModel.swift */ = {isa = PBXFileReference; includeInIndex = 1; lastKnownFileType = sourcecode.swift; name = TeamViewModel.swift; path = Infrastructure/ViewModels/TeamViewModel.swift; sourceTree = "<group>"; };
		33BD075F6D98DFD13E1EB9A9 /* Logger.swift */ = {isa = PBXFileReference; includeInIndex = 1; lastKnownFileType = sourcecode.swift; name = Logger.swift; path = Infrastructure/Services/Logger.swift; sourceTree = "<group>"; };
		3A2ED3EDDA743BACDFA09B19 /* SwiftDataStack.swift */ = {isa = PBXFileReference; includeInIndex = 1; lastKnownFileType = sourcecode.swift; name = SwiftDataStack.swift; path = Infrastructure/SwiftData/SwiftDataStack.swift; sourceTree = "<group>"; };
		3BFC9A079DD29D94E5C1E524 /* TeamView.swift */ = {isa = PBXFileReference; includeInIndex = 1; lastKnownFileType = sourcecode.swift; name = TeamView.swift; path = Features/Team/TeamView.swift; sourceTree = "<group>"; };
		435F18AA9CDC82E63084A320 /* SafetyView.swift */ = {isa = PBXFileReference; includeInIndex = 1; lastKnownFileType = sourcecode.swift; name = SafetyView.swift; path = Features/Safety/SafetyView.swift; sourceTree = "<group>"; };
		43A861877B5C662B1E72D811 /* Config-Production.xcconfig */ = {isa = PBXFileReference; includeInIndex = 1; lastKnownFileType = text.xcconfig; path = "Config-Production.xcconfig"; sourceTree = "<group>"; };
		457ACAF018F0EBC3291F7C17 /* NotificationInboxView.swift */ = {isa = PBXFileReference; includeInIndex = 1; lastKnownFileType = sourcecode.swift; name = NotificationInboxView.swift; path = Features/Notifications/NotificationInboxView.swift; sourceTree = "<group>"; };
		45FAA965C6B4F1B6680618E3 /* ProjectsListView.swift */ = {isa = PBXFileReference; includeInIndex = 1; lastKnownFileType = sourcecode.swift; name = ProjectsListView.swift; path = Features/Projects/ProjectsListView.swift; sourceTree = "<group>"; };
		460D5692EEDDDA9C5A065AD3 /* AuthView.swift */ = {isa = PBXFileReference; includeInIndex = 1; lastKnownFileType = sourcecode.swift; name = AuthView.swift; path = Features/Auth/AuthView.swift; sourceTree = "<group>"; };
		548E6BDF4DDAE6FFA98C887E /* TaskFormView.swift */ = {isa = PBXFileReference; includeInIndex = 1; lastKnownFileType = sourcecode.swift; name = TaskFormView.swift; path = Features/Tasks/TaskFormView.swift; sourceTree = "<group>"; };
		5621DF84D65519CD87AEAF00 /* AuthManager.swift */ = {isa = PBXFileReference; includeInIndex = 1; lastKnownFileType = sourcecode.swift; name = AuthManager.swift; path = Infrastructure/Supabase/AuthManager.swift; sourceTree = "<group>"; };
		592ADA4BF12125BD6A41AFEA /* SafetyViewModel.swift */ = {isa = PBXFileReference; includeInIndex = 1; lastKnownFileType = sourcecode.swift; name = SafetyViewModel.swift; path = Infrastructure/ViewModels/SafetyViewModel.swift; sourceTree = "<group>"; };
		5DEFB25DBA983A99591B50EF /* MapView.swift */ = {isa = PBXFileReference; includeInIndex = 1; lastKnownFileType = sourcecode.swift; name = MapView.swift; path = Features/Map/MapView.swift; sourceTree = "<group>"; };
		62DBA38445724030554F0606 /* Info.plist */ = {isa = PBXFileReference; includeInIndex = 1; lastKnownFileType = text.plist.xml; path = Info.plist; sourceTree = "<group>"; };
		6A183CCEC9BE419F6352BEE3 /* Colors.swift */ = {isa = PBXFileReference; includeInIndex = 1; lastKnownFileType = sourcecode.swift; name = Colors.swift; path = DesignSystem/Theme/Colors.swift; sourceTree = "<group>"; };
		6A8FF6A9972063F7E469EB70 /* TasksListView.swift */ = {isa = PBXFileReference; includeInIndex = 1; lastKnownFileType = sourcecode.swift; name = TasksListView.swift; path = Features/Tasks/TasksListView.swift; sourceTree = "<group>"; };
		7D49DB9223AF4A0DFE70CE1B /* ProjectDetailView.swift */ = {isa = PBXFileReference; includeInIndex = 1; lastKnownFileType = sourcecode.swift; name = ProjectDetailView.swift; path = Features/Projects/ProjectDetailView.swift; sourceTree = "<group>"; };
		9686AAD048AA5779EA51BFFA /* AuthViewModel.swift */ = {isa = PBXFileReference; includeInIndex = 1; lastKnownFileType = sourcecode.swift; name = AuthViewModel.swift; path = Infrastructure/ViewModels/AuthViewModel.swift; sourceTree = "<group>"; };
		A6FA02568D29ACD1C2532C59 /* Repositories.swift */ = {isa = PBXFileReference; includeInIndex = 1; lastKnownFileType = sourcecode.swift; name = Repositories.swift; path = Infrastructure/Supabase/Repositories.swift; sourceTree = "<group>"; };
		A910C816C3E018EDE9889B8A /* PushNotificationService.swift */ = {isa = PBXFileReference; includeInIndex = 1; lastKnownFileType = sourcecode.swift; name = PushNotificationService.swift; path = Infrastructure/Services/PushNotificationService.swift; sourceTree = "<group>"; };
		B1F6D5297EB693EA1994A966 /* SupabaseManager.swift */ = {isa = PBXFileReference; includeInIndex = 1; lastKnownFileType = sourcecode.swift; name = SupabaseManager.swift; path = Infrastructure/Supabase/SupabaseManager.swift; sourceTree = "<group>"; };
		B1FBD77511FD74D9EDEB1247 /* BuildTrackApp.swift */ = {isa = PBXFileReference; includeInIndex = 1; lastKnownFileType = sourcecode.swift; name = BuildTrackApp.swift; path = App/BuildTrackApp.swift; sourceTree = "<group>"; };
		B297D9200F908F8928F6EC06 /* Components.swift */ = {isa = PBXFileReference; includeInIndex = 1; lastKnownFileType = sourcecode.swift; name = Components.swift; path = DesignSystem/Components/Components.swift; sourceTree = "<group>"; };
		B5624993AEB5D6B3429C450E /* TaskViewModel.swift */ = {isa = PBXFileReference; includeInIndex = 1; lastKnownFileType = sourcecode.swift; name = TaskViewModel.swift; path = Infrastructure/ViewModels/TaskViewModel.swift; sourceTree = "<group>"; };
		BED9FE593F0668B423A4A575 /* NotificationSettingsView.swift */ = {isa = PBXFileReference; includeInIndex = 1; lastKnownFileType = sourcecode.swift; name = NotificationSettingsView.swift; path = Features/Notifications/NotificationSettingsView.swift; sourceTree = "<group>"; };
		C1B05D8F1B71E777C0C473B5 /* Models.swift */ = {isa = PBXFileReference; includeInIndex = 1; lastKnownFileType = sourcecode.swift; name = Models.swift; path = Domain/Models/Models.swift; sourceTree = "<group>"; };
		C3A8E1E76A5D8E31088B2C6B /* ProjectViewModel.swift */ = {isa = PBXFileReference; includeInIndex = 1; lastKnownFileType = sourcecode.swift; name = ProjectViewModel.swift; path = Infrastructure/ViewModels/ProjectViewModel.swift; sourceTree = "<group>"; };
		C5DA39D94C9E427F8EA3E21D /* Resources */ = {isa = PBXFileReference; includeInIndex = 1; path = Resources; sourceTree = "<group>"; };
		C880F6C5E92EB333D87071C3 /* DeepLinkRouter.swift */ = {isa = PBXFileReference; includeInIndex = 1; lastKnownFileType = sourcecode.swift; name = DeepLinkRouter.swift; path = Infrastructure/Services/DeepLinkRouter.swift; sourceTree = "<group>"; };
		CEC14A8047E27133D52A97D7 /* ProjectFormView.swift */ = {isa = PBXFileReference; includeInIndex = 1; lastKnownFileType = sourcecode.swift; name = ProjectFormView.swift; path = Features/Projects/ProjectFormView.swift; sourceTree = "<group>"; };
		CF9FCEDE31C14E78D4C20452 /* ReportsView.swift */ = {isa = PBXFileReference; includeInIndex = 1; lastKnownFileType = sourcecode.swift; name = ReportsView.swift; path = Features/Reports/ReportsView.swift; sourceTree = "<group>"; };
		D8BDCA7D1281A39634C4A75F /* Foundation.framework */ = {isa = PBXFileReference; lastKnownFileType = wrapper.framework; name = Foundation.framework; path = Platforms/iPhoneOS.platform/Developer/SDKs/iPhoneOS18.0.sdk/System/Library/Frameworks/Foundation.framework; sourceTree = DEVELOPER_DIR; };
		DB15FDCE4DE676D418C550DE /* Config-Development.xcconfig */ = {isa = PBXFileReference; includeInIndex = 1; lastKnownFileType = text.xcconfig; path = "Config-Development.xcconfig"; sourceTree = "<group>"; };
		E3ABF90CCAFBEE43B76DF5DD /* DashboardView.swift */ = {isa = PBXFileReference; includeInIndex = 1; lastKnownFileType = sourcecode.swift; name = DashboardView.swift; path = Features/Dashboard/DashboardView.swift; sourceTree = "<group>"; };
		FFADCF5FED7C60E9F009C7E3 /* ContentView.swift */ = {isa = PBXFileReference; includeInIndex = 1; lastKnownFileType = sourcecode.swift; name = ContentView.swift; path = App/ContentView.swift; sourceTree = "<group>"; };
/* End PBXFileReference section */

/* Begin PBXFrameworksBuildPhase section */
		366DD7233829A50B2915F26B /* Frameworks */ = {
			isa = PBXFrameworksBuildPhase;
			buildActionMask = 2147483647;
			files = (
				895C117012CCBD5B1861E16D /* Foundation.framework in Frameworks */,
			);
			runOnlyForDeploymentPostprocessing = 0;
		};
/* End PBXFrameworksBuildPhase section */

/* Begin PBXGroup section */
		06034592FF45267B31C4A1D5 /* BuildTrack */ = {
			isa = PBXGroup;
			children = (
				62DBA38445724030554F0606 /* Info.plist */,
				43A861877B5C662B1E72D811 /* Config-Production.xcconfig */,
				DB15FDCE4DE676D418C550DE /* Config-Development.xcconfig */,
			);
			name = BuildTrack;
			sourceTree = "<group>";
		};
		0B80D7300E2B16CD2487EABC /*  */ = {
			isa = PBXGroup;
			children = (
				C8B54C20AED2568D8A23797D /* Products */,
				CADC4BA46D343E86FA8D380B /* Frameworks */,
			);
			sourceTree = "<group>";
		};
		13DCC58453BB6F5A15173792 /* Settings */ = {
			isa = PBXGroup;
			children = (
				0E20338915FB5AF4DAF8FCD7 /* SettingsView.swift */,
			);
			name = Settings;
			sourceTree = "<group>";
		};
		1AAD7D76461E9D83DB4D4483 /* iOS */ = {
			isa = PBXGroup;
			children = (
				D8BDCA7D1281A39634C4A75F /* Foundation.framework */,
			);
			name = iOS;
			sourceTree = "<group>";
		};
		2479EB7D09211054A8EFADC7 /* ViewModels */ = {
			isa = PBXGroup;
			children = (
				9686AAD048AA5779EA51BFFA /* AuthViewModel.swift */,
				174A0FC14BD9E7AC80F5DCF3 /* NotificationViewModel.swift */,
				C3A8E1E76A5D8E31088B2C6B /* ProjectViewModel.swift */,
				592ADA4BF12125BD6A41AFEA /* SafetyViewModel.swift */,
				B5624993AEB5D6B3429C450E /* TaskViewModel.swift */,
				1CBC4C04652A4BE3A5792ABB /* TeamViewModel.swift */,
			);
			name = ViewModels;
			sourceTree = "<group>";
		};
		2B8F794E56A1BB26D9BB18CD /* Safety */ = {
			isa = PBXGroup;
			children = (
				435F18AA9CDC82E63084A320 /* SafetyView.swift */,
			);
			name = Safety;
			sourceTree = "<group>";
		};
		2DF99F7201D1A6DE7D3C3163 /* Supabase */ = {
			isa = PBXGroup;
			children = (
				5621DF84D65519CD87AEAF00 /* AuthManager.swift */,
				11E96EF2636B5682B2AE1B42 /* RealtimeService.swift */,
				A6FA02568D29ACD1C2532C59 /* Repositories.swift */,
				B1F6D5297EB693EA1994A966 /* SupabaseManager.swift */,
			);
			name = Supabase;
			sourceTree = "<group>";
		};
		2FAA39A579F81BF60ED0F83E /* Reports */ = {
			isa = PBXGroup;
			children = (
				CF9FCEDE31C14E78D4C20452 /* ReportsView.swift */,
			);
			name = Reports;
			sourceTree = "<group>";
		};
		3611A2DD89A082B69B4CB8E5 /* Frameworks */ = {
			isa = PBXGroup;
			children = (
				1AAD7D76461E9D83DB4D4483 /* iOS */,
			);
			name = Frameworks;
			sourceTree = "<group>";
		};
		37E54DDB17E8BBA5173C920E /* Dashboard */ = {
			isa = PBXGroup;
			children = (
				E3ABF90CCAFBEE43B76DF5DD /* DashboardView.swift */,
			);
			name = Dashboard;
			sourceTree = "<group>";
		};
		4648BB8E9C5280BB70FF4D2D /* Models */ = {
			isa = PBXGroup;
			children = (
				C1B05D8F1B71E777C0C473B5 /* Models.swift */,
			);
			name = Models;
			sourceTree = "<group>";
		};
		473DF37DAB992ECD44B43358 /* Projects */ = {
			isa = PBXGroup;
			children = (
				7D49DB9223AF4A0DFE70CE1B /* ProjectDetailView.swift */,
				CEC14A8047E27133D52A97D7 /* ProjectFormView.swift */,
				45FAA965C6B4F1B6680618E3 /* ProjectsListView.swift */,
			);
			name = Projects;
			sourceTree = "<group>";
		};
		53571DEECBDD917D686C9205 /* Domain */ = {
			isa = PBXGroup;
			children = (
				4648BB8E9C5280BB70FF4D2D /* Models */,
			);
			name = Domain;
			sourceTree = "<group>";
		};
		58F01AA89EA6FF757D911703 /* Components */ = {
			isa = PBXGroup;
			children = (
				B297D9200F908F8928F6EC06 /* Components.swift */,
			);
			name = Components;
			sourceTree = "<group>";
		};
		623C435336D4716045199B4C /* Notifications */ = {
			isa = PBXGroup;
			children = (
				457ACAF018F0EBC3291F7C17 /* NotificationInboxView.swift */,
				BED9FE593F0668B423A4A575 /* NotificationSettingsView.swift */,
			);
			name = Notifications;
			sourceTree = "<group>";
		};
		7F3B68BAF3B19E2805ADAC3F /* Auth */ = {
			isa = PBXGroup;
			children = (
				460D5692EEDDDA9C5A065AD3 /* AuthView.swift */,
			);
			name = Auth;
			sourceTree = "<group>";
		};
		84F5FB9B244784F197C17A99 /* App */ = {
			isa = PBXGroup;
			children = (
				B1FBD77511FD74D9EDEB1247 /* BuildTrackApp.swift */,
				FFADCF5FED7C60E9F009C7E3 /* ContentView.swift */,
			);
			name = App;
			sourceTree = "<group>";
		};
		995FFC4BC740D64BBA68C5F8 /* Team */ = {
			isa = PBXGroup;
			children = (
				3BFC9A079DD29D94E5C1E524 /* TeamView.swift */,
			);
			name = Team;
			sourceTree = "<group>";
		};
		A884923A16C26792E415D830 /* DesignSystem */ = {
			isa = PBXGroup;
			children = (
				58F01AA89EA6FF757D911703 /* Components */,
				DBA9A4B14A11B363156A79B2 /* Theme */,
			);
			name = DesignSystem;
			sourceTree = "<group>";
		};
		A9C28FA66AA97CC469707472 /* Services */ = {
			isa = PBXGroup;
			children = (
				C880F6C5E92EB333D87071C3 /* DeepLinkRouter.swift */,
				33BD075F6D98DFD13E1EB9A9 /* Logger.swift */,
				A910C816C3E018EDE9889B8A /* PushNotificationService.swift */,
			);
			name = Services;
			sourceTree = "<group>";
		};
		C04F8B1960810664F388D610 /* SwiftData */ = {
			isa = PBXGroup;
			children = (
				3A2ED3EDDA743BACDFA09B19 /* SwiftDataStack.swift */,
			);
			name = SwiftData;
			sourceTree = "<group>";
		};
		C285C50AE37205966D5AE8C4 /* Map */ = {
			isa = PBXGroup;
			children = (
				5DEFB25DBA983A99591B50EF /* MapView.swift */,
			);
			name = Map;
			sourceTree = "<group>";
		};
		C87E50B389DAEB873E1C634F /* Features */ = {
			isa = PBXGroup;
			children = (
				7F3B68BAF3B19E2805ADAC3F /* Auth */,
				37E54DDB17E8BBA5173C920E /* Dashboard */,
				C285C50AE37205966D5AE8C4 /* Map */,
				623C435336D4716045199B4C /* Notifications */,
				473DF37DAB992ECD44B43358 /* Projects */,
				2FAA39A579F81BF60ED0F83E /* Reports */,
				2B8F794E56A1BB26D9BB18CD /* Safety */,
				13DCC58453BB6F5A15173792 /* Settings */,
				DF8F3F6D6ADA1972B8F5C530 /* Tasks */,
				995FFC4BC740D64BBA68C5F8 /* Team */,
			);
			name = Features;
			sourceTree = "<group>";
		};
		C8B54C20AED2568D8A23797D /* Products */ = {
			isa = PBXGroup;
			children = (
			);
			name = Products;
			sourceTree = "<group>";
		};
		CADC4BA46D343E86FA8D380B /* Frameworks */ = {
			isa = PBXGroup;
			children = (
			);
			name = Frameworks;
			sourceTree = "<group>";
		};
		CC71C4CF09862237B0C2361C /* Products */ = {
			isa = PBXGroup;
			children = (
				06A32A7A155D4D304962A4E6 /* BuildTrack.app */,
			);
			name = Products;
			sourceTree = "<group>";
		};
		DBA9A4B14A11B363156A79B2 /* Theme */ = {
			isa = PBXGroup;
			children = (
				6A183CCEC9BE419F6352BEE3 /* Colors.swift */,
			);
			name = Theme;
			sourceTree = "<group>";
		};
		DF8F3F6D6ADA1972B8F5C530 /* Tasks */ = {
			isa = PBXGroup;
			children = (
				548E6BDF4DDAE6FFA98C887E /* TaskFormView.swift */,
				6A8FF6A9972063F7E469EB70 /* TasksListView.swift */,
			);
			name = Tasks;
			sourceTree = "<group>";
		};
		E5288CB95E30089C8834B091 = {
			isa = PBXGroup;
			children = (
				CC71C4CF09862237B0C2361C /* Products */,
				3611A2DD89A082B69B4CB8E5 /* Frameworks */,
				84F5FB9B244784F197C17A99 /* App */,
				A884923A16C26792E415D830 /* DesignSystem */,
				53571DEECBDD917D686C9205 /* Domain */,
				C87E50B389DAEB873E1C634F /* Features */,
				E7B2F70D82F2D7B083FB5A03 /* Infrastructure */,
				06034592FF45267B31C4A1D5 /* BuildTrack */,
				C5DA39D94C9E427F8EA3E21D /* Resources */,
			);
			sourceTree = "<group>";
		};
		E7B2F70D82F2D7B083FB5A03 /* Infrastructure */ = {
			isa = PBXGroup;
			children = (
				A9C28FA66AA97CC469707472 /* Services */,
				2DF99F7201D1A6DE7D3C3163 /* Supabase */,
				C04F8B1960810664F388D610 /* SwiftData */,
				2479EB7D09211054A8EFADC7 /* ViewModels */,
			);
			name = Infrastructure;
			sourceTree = "<group>";
		};
/* End PBXGroup section */

/* Begin PBXNativeTarget section */
		5056FB6F6F74AF89D3145C23 /* BuildTrack */ = {
			isa = PBXNativeTarget;
			buildConfigurationList = 7C530D4B020ECFDE9E347A59 /* Build configuration list for PBXNativeTarget "BuildTrack" */;
			buildPhases = (
				F9503C4A15145D849E26E8C0 /* Sources */,
				366DD7233829A50B2915F26B /* Frameworks */,
				BFE58209E630D990DE4191AC /* Resources */,
			);
			buildRules = (
			);
			dependencies = (
			);
			name = BuildTrack;
			packageProductDependencies = (
				148C7787F2188667CB14B6C4 /* Supabase */,
			);
			productName = BuildTrack;
			productReference = 06A32A7A155D4D304962A4E6 /* BuildTrack.app */;
			productType = "com.apple.product-type.application";
		};
/* End PBXNativeTarget section */

/* Begin PBXProject section */
		283EBA771F935E5728BBF753 /* Project object */ = {
			isa = PBXProject;
			attributes = {
				LastSwiftUpdateCheck = 1600;
				LastUpgradeCheck = 1600;
			};
			buildConfigurationList = 1DE2AD68DF15A0612E08D9C2 /* Build configuration list for PBXProject "BuildTrack" */;
			compatibilityVersion = "Xcode 3.2";
			developmentRegion = en;
			hasScannedForEncodings = 0;
			knownRegions = (
				en,
				Base,
			);
			mainGroup = E5288CB95E30089C8834B091;
			minimizedProjectReferenceProxies = 0;
			packageReferences = (
				B8D87DF5A8834F6D9735D82F /* XCRemoteSwiftPackageReference "supabase-swift" */,
			);
			preferredProjectObjectVersion = 77;
			productRefGroup = CC71C4CF09862237B0C2361C /* Products */;
			projectDirPath = "";
			projectRoot = "";
			targets = (
				5056FB6F6F74AF89D3145C23 /* BuildTrack */,
			);
		};
/* End PBXProject section */

/* Begin PBXResourcesBuildPhase section */
		BFE58209E630D990DE4191AC /* Resources */ = {
			isa = PBXResourcesBuildPhase;
			buildActionMask = 2147483647;
			files = (
			);
			runOnlyForDeploymentPostprocessing = 0;
		};
/* End PBXResourcesBuildPhase section */

/* Begin PBXSourcesBuildPhase section */
		F9503C4A15145D849E26E8C0 /* Sources */ = {
			isa = PBXSourcesBuildPhase;
			buildActionMask = 2147483647;
			files = (
				96C791C83581E7523D15AE1F /* BuildTrackApp.swift in Sources */,
				B9207CAA12A68CB77E54B028 /* ContentView.swift in Sources */,
				52AAF9699C7F7C3E84A6B1F0 /* Components.swift in Sources */,
				A0BC942E449F6371A3CB047C /* Colors.swift in Sources */,
				46F7FC9F2AA57ECE93707E17 /* Models.swift in Sources */,
				B0743B02138DE703E386823F /* AuthView.swift in Sources */,
				919445990F44793532B16457 /* DashboardView.swift in Sources */,
				28AB727B4EBD3DBACE9A8215 /* MapView.swift in Sources */,
				2F19930E413723F5BB3F332B /* NotificationInboxView.swift in Sources */,
				50AD6730146188060B0B1E3C /* NotificationSettingsView.swift in Sources */,
				1B6C519CAFC343F4A14AFC63 /* ProjectDetailView.swift in Sources */,
				427022ACC474B8B89C5EBC2A /* ProjectFormView.swift in Sources */,
				D1CDCE35050C24879528611F /* ProjectsListView.swift in Sources */,
				AB0C7A2E96CB46CFFB4146E6 /* ReportsView.swift in Sources */,
				93AAC9E84F1610905971AA82 /* SafetyView.swift in Sources */,
				911A6E91653FDD592571555A /* SettingsView.swift in Sources */,
				D892D748769E8E9B54FFCB85 /* TaskFormView.swift in Sources */,
				030E30ED204C047D9F5EC6AE /* TasksListView.swift in Sources */,
				F87EA4C2498B68B207169BB5 /* TeamView.swift in Sources */,
				5F3EFF31A81424AEDE877EA5 /* DeepLinkRouter.swift in Sources */,
				20D11B677BC01FC0EA41D1E6 /* Logger.swift in Sources */,
				011B50266EFEE2089D12E335 /* PushNotificationService.swift in Sources */,
				1B5158BD96BDC9B58F001D24 /* AuthManager.swift in Sources */,
				FDEC13B6CE730E758C6B3630 /* RealtimeService.swift in Sources */,
				C87E29119C6DB11162C95FD8 /* Repositories.swift in Sources */,
				CC7AF92BE3087245A612D202 /* SupabaseManager.swift in Sources */,
				A04E48F132296BE442BCFB7D /* SwiftDataStack.swift in Sources */,
				A3C4DB8827E3950C34834B50 /* AuthViewModel.swift in Sources */,
				F21A5B34B6184E84D5D701C2 /* NotificationViewModel.swift in Sources */,
				32E585804AAEFCF6F58CAB04 /* ProjectViewModel.swift in Sources */,
				BE6150B8FDCD4BCE8EF9EE64 /* SafetyViewModel.swift in Sources */,
				BD4E33E5EC41ED4D7449D5CA /* TaskViewModel.swift in Sources */,
				76C878ADBCCC8BD64E63ABCE /* TeamViewModel.swift in Sources */,
			);
			runOnlyForDeploymentPostprocessing = 0;
		};
/* End PBXSourcesBuildPhase section */

/* Begin XCBuildConfiguration section */
		00140E7820ABB6AA25D801D0 /* Debug */ = {
			isa = XCBuildConfiguration;
			buildSettings = {
				ASSETCATALOG_COMPILER_APPICON_NAME = AppIcon;
				ASSETCATALOG_COMPILER_GLOBAL_ACCENT_COLOR_NAME = AccentColor;
				CLANG_ENABLE_OBJC_WEAK = NO;
				CODE_SIGN_STYLE = Automatic;
				ENABLE_PREVIEWS = YES;
				INFOPLIST_FILE = BuildTrack/Info.plist;
				IPHONEOS_DEPLOYMENT_TARGET = 17.0;
				LD_RUNPATH_SEARCH_PATHS = "$(inherited) @executable_path/Frameworks";
				PRODUCT_BUNDLE_IDENTIFIER = ro.stancainvest.buildtrack;
				SDKROOT = iphoneos;
				SUPPORTS_MACCATALYST = NO;
				SWIFT_VERSION = 5.9;
				TARGETED_DEVICE_FAMILY = "1,2";
			};
			name = Debug;
		};
		0AC7B475037E95A8521B6E8B /* Release */ = {
			isa = XCBuildConfiguration;
			buildSettings = {
				ALWAYS_SEARCH_USER_PATHS = NO;
				CLANG_ANALYZER_NONNULL = YES;
				CLANG_ANALYZER_NUMBER_OBJECT_CONVERSION = YES_AGGRESSIVE;
				CLANG_CXX_LANGUAGE_STANDARD = "gnu++14";
				CLANG_CXX_LIBRARY = "libc++";
				CLANG_ENABLE_MODULES = YES;
				CLANG_ENABLE_OBJC_ARC = YES;
				CLANG_ENABLE_OBJC_WEAK = YES;
				CLANG_WARN_BLOCK_CAPTURE_AUTORELEASING = YES;
				CLANG_WARN_BOOL_CONVERSION = YES;
				CLANG_WARN_COMMA = YES;
				CLANG_WARN_CONSTANT_CONVERSION = YES;
				CLANG_WARN_DEPRECATED_OBJC_IMPLEMENTATIONS = YES;
				CLANG_WARN_DIRECT_OBJC_ISA_USAGE = YES_ERROR;
				CLANG_WARN_DOCUMENTATION_COMMENTS = YES;
				CLANG_WARN_EMPTY_BODY = YES;
				CLANG_WARN_ENUM_CONVERSION = YES;
				CLANG_WARN_INFINITE_RECURSION = YES;
				CLANG_WARN_INT_CONVERSION = YES;
				CLANG_WARN_NON_LITERAL_NULL_CONVERSION = YES;
				CLANG_WARN_OBJC_IMPLICIT_RETAIN_SELF = YES;
				CLANG_WARN_OBJC_LITERAL_CONVERSION = YES;
				CLANG_WARN_OBJC_ROOT_CLASS = YES_ERROR;
				CLANG_WARN_QUOTED_INCLUDE_IN_FRAMEWORK_HEADER = YES;
				CLANG_WARN_RANGE_LOOP_ANALYSIS = YES;
				CLANG_WARN_STRICT_PROTOTYPES = YES;
				CLANG_WARN_SUSPICIOUS_MOVE = YES;
				CLANG_WARN_UNGUARDED_AVAILABILITY = YES_AGGRESSIVE;
				CLANG_WARN_UNREACHABLE_CODE = YES;
				CLANG_WARN__DUPLICATE_METHOD_MATCH = YES;
				COPY_PHASE_STRIP = NO;
				DEBUG_INFORMATION_FORMAT = "dwarf-with-dsym";
				ENABLE_NS_ASSERTIONS = NO;
				ENABLE_STRICT_OBJC_MSGSEND = YES;
				GCC_C_LANGUAGE_STANDARD = gnu11;
				GCC_NO_COMMON_BLOCKS = YES;
				GCC_WARN_64_TO_32_BIT_CONVERSION = YES;
				GCC_WARN_ABOUT_RETURN_TYPE = YES_ERROR;
				GCC_WARN_UNDECLARED_SELECTOR = YES;
				GCC_WARN_UNINITIALIZED_AUTOS = YES_AGGRESSIVE;
				GCC_WARN_UNUSED_FUNCTION = YES;
				GCC_WARN_UNUSED_VARIABLE = YES;
				MTL_ENABLE_DEBUG_INFO = NO;
				MTL_FAST_MATH = YES;
				PRODUCT_NAME = "$(TARGET_NAME)";
				SWIFT_COMPILATION_MODE = wholemodule;
				SWIFT_OPTIMIZATION_LEVEL = "-O";
				SWIFT_VERSION = 5.0;
			};
			name = Release;
		};
		14F9B8C2E3576A027DB60D3B /* Release */ = {
			isa = XCBuildConfiguration;
			buildSettings = {
				ALWAYS_SEARCH_USER_PATHS = NO;
				CLANG_ANALYZER_NONNULL = YES;
				CLANG_ANALYZER_NUMBER_OBJECT_CONVERSION = YES_AGGRESSIVE;
				CLANG_CXX_LANGUAGE_STANDARD = "gnu++14";
				CLANG_CXX_LIBRARY = "libc++";
				CLANG_ENABLE_MODULES = YES;
				CLANG_ENABLE_OBJC_ARC = YES;
				CLANG_ENABLE_OBJC_WEAK = YES;
				CLANG_WARN_BLOCK_CAPTURE_AUTORELEASING = YES;
				CLANG_WARN_BOOL_CONVERSION = YES;
				CLANG_WARN_COMMA = YES;
				CLANG_WARN_CONSTANT_CONVERSION = YES;
				CLANG_WARN_DEPRECATED_OBJC_IMPLEMENTATIONS = YES;
				CLANG_WARN_DIRECT_OBJC_ISA_USAGE = YES_ERROR;
				CLANG_WARN_DOCUMENTATION_COMMENTS = YES;
				CLANG_WARN_EMPTY_BODY = YES;
				CLANG_WARN_ENUM_CONVERSION = YES;
				CLANG_WARN_INFINITE_RECURSION = YES;
				CLANG_WARN_INT_CONVERSION = YES;
				CLANG_WARN_NON_LITERAL_NULL_CONVERSION = YES;
				CLANG_WARN_OBJC_IMPLICIT_RETAIN_SELF = YES;
				CLANG_WARN_OBJC_LITERAL_CONVERSION = YES;
				CLANG_WARN_OBJC_ROOT_CLASS = YES_ERROR;
				CLANG_WARN_QUOTED_INCLUDE_IN_FRAMEWORK_HEADER = YES;
				CLANG_WARN_RANGE_LOOP_ANALYSIS = YES;
				CLANG_WARN_STRICT_PROTOTYPES = YES;
				CLANG_WARN_SUSPICIOUS_MOVE = YES;
				CLANG_WARN_UNGUARDED_AVAILABILITY = YES_AGGRESSIVE;
				CLANG_WARN_UNREACHABLE_CODE = YES;
				CLANG_WARN__DUPLICATE_METHOD_MATCH = YES;
				COPY_PHASE_STRIP = NO;
				DEBUG_INFORMATION_FORMAT = "dwarf-with-dsym";
				ENABLE_NS_ASSERTIONS = NO;
				ENABLE_STRICT_OBJC_MSGSEND = YES;
				GCC_C_LANGUAGE_STANDARD = gnu11;
				GCC_NO_COMMON_BLOCKS = YES;
				GCC_WARN_64_TO_32_BIT_CONVERSION = YES;
				GCC_WARN_ABOUT_RETURN_TYPE = YES_ERROR;
				GCC_WARN_UNDECLARED_SELECTOR = YES;
				GCC_WARN_UNINITIALIZED_AUTOS = YES_AGGRESSIVE;
				GCC_WARN_UNUSED_FUNCTION = YES;
				GCC_WARN_UNUSED_VARIABLE = YES;
				MTL_ENABLE_DEBUG_INFO = NO;
				MTL_FAST_MATH = YES;
				PRODUCT_NAME = "$(TARGET_NAME)";
				SWIFT_COMPILATION_MODE = wholemodule;
				SWIFT_OPTIMIZATION_LEVEL = "-O";
				SWIFT_VERSION = 5.0;
			};
			name = Release;
		};
		2B73CE52AE185546DF519B2F /* Release */ = {
			isa = XCBuildConfiguration;
			buildSettings = {
				ASSETCATALOG_COMPILER_APPICON_NAME = AppIcon;
				ASSETCATALOG_COMPILER_GLOBAL_ACCENT_COLOR_NAME = AccentColor;
				CLANG_ENABLE_OBJC_WEAK = NO;
				CODE_SIGN_STYLE = Automatic;
				ENABLE_PREVIEWS = YES;
				INFOPLIST_FILE = BuildTrack/Info.plist;
				IPHONEOS_DEPLOYMENT_TARGET = 17.0;
				LD_RUNPATH_SEARCH_PATHS = "$(inherited) @executable_path/Frameworks";
				PRODUCT_BUNDLE_IDENTIFIER = ro.stancainvest.buildtrack;
				SDKROOT = iphoneos;
				SUPPORTS_MACCATALYST = NO;
				SWIFT_VERSION = 5.9;
				TARGETED_DEVICE_FAMILY = "1,2";
				VALIDATE_PRODUCT = YES;
			};
			name = Release;
		};
		692D8C7A5DA389F47FC66DEC /* Debug */ = {
			isa = XCBuildConfiguration;
			buildSettings = {
				ALWAYS_SEARCH_USER_PATHS = NO;
				CLANG_ANALYZER_NONNULL = YES;
				CLANG_ANALYZER_NUMBER_OBJECT_CONVERSION = YES_AGGRESSIVE;
				CLANG_CXX_LANGUAGE_STANDARD = "gnu++14";
				CLANG_CXX_LIBRARY = "libc++";
				CLANG_ENABLE_MODULES = YES;
				CLANG_ENABLE_OBJC_ARC = YES;
				CLANG_ENABLE_OBJC_WEAK = YES;
				CLANG_WARN_BLOCK_CAPTURE_AUTORELEASING = YES;
				CLANG_WARN_BOOL_CONVERSION = YES;
				CLANG_WARN_COMMA = YES;
				CLANG_WARN_CONSTANT_CONVERSION = YES;
				CLANG_WARN_DEPRECATED_OBJC_IMPLEMENTATIONS = YES;
				CLANG_WARN_DIRECT_OBJC_ISA_USAGE = YES_ERROR;
				CLANG_WARN_DOCUMENTATION_COMMENTS = YES;
				CLANG_WARN_EMPTY_BODY = YES;
				CLANG_WARN_ENUM_CONVERSION = YES;
				CLANG_WARN_INFINITE_RECURSION = YES;
				CLANG_WARN_INT_CONVERSION = YES;
				CLANG_WARN_NON_LITERAL_NULL_CONVERSION = YES;
				CLANG_WARN_OBJC_IMPLICIT_RETAIN_SELF = YES;
				CLANG_WARN_OBJC_LITERAL_CONVERSION = YES;
				CLANG_WARN_OBJC_ROOT_CLASS = YES_ERROR;
				CLANG_WARN_QUOTED_INCLUDE_IN_FRAMEWORK_HEADER = YES;
				CLANG_WARN_RANGE_LOOP_ANALYSIS = YES;
				CLANG_WARN_STRICT_PROTOTYPES = YES;
				CLANG_WARN_SUSPICIOUS_MOVE = YES;
				CLANG_WARN_UNGUARDED_AVAILABILITY = YES_AGGRESSIVE;
				CLANG_WARN_UNREACHABLE_CODE = YES;
				CLANG_WARN__DUPLICATE_METHOD_MATCH = YES;
				COPY_PHASE_STRIP = NO;
				DEBUG_INFORMATION_FORMAT = dwarf;
				ENABLE_STRICT_OBJC_MSGSEND = YES;
				ENABLE_TESTABILITY = YES;
				GCC_C_LANGUAGE_STANDARD = gnu11;
				GCC_DYNAMIC_NO_PIC = NO;
				GCC_NO_COMMON_BLOCKS = YES;
				GCC_OPTIMIZATION_LEVEL = 0;
				GCC_PREPROCESSOR_DEFINITIONS = (
					"DEBUG=1",
					"$(inherited)",
				);
				GCC_WARN_64_TO_32_BIT_CONVERSION = YES;
				GCC_WARN_ABOUT_RETURN_TYPE = YES_ERROR;
				GCC_WARN_UNDECLARED_SELECTOR = YES;
				GCC_WARN_UNINITIALIZED_AUTOS = YES_AGGRESSIVE;
				GCC_WARN_UNUSED_FUNCTION = YES;
				GCC_WARN_UNUSED_VARIABLE = YES;
				MTL_ENABLE_DEBUG_INFO = INCLUDE_SOURCE;
				MTL_FAST_MATH = YES;
				ONLY_ACTIVE_ARCH = YES;
				PRODUCT_NAME = "$(TARGET_NAME)";
				SWIFT_ACTIVE_COMPILATION_CONDITIONS = DEBUG;
				SWIFT_OPTIMIZATION_LEVEL = "-Onone";
				SWIFT_VERSION = 5.0;
			};
			name = Debug;
		};
		76C8D6FA3B2218884034AC35 /* Debug */ = {
			isa = XCBuildConfiguration;
			buildSettings = {
				ALWAYS_SEARCH_USER_PATHS = NO;
				CLANG_ANALYZER_NONNULL = YES;
				CLANG_ANALYZER_NUMBER_OBJECT_CONVERSION = YES_AGGRESSIVE;
				CLANG_CXX_LANGUAGE_STANDARD = "gnu++14";
				CLANG_CXX_LIBRARY = "libc++";
				CLANG_ENABLE_MODULES = YES;
				CLANG_ENABLE_OBJC_ARC = YES;
				CLANG_ENABLE_OBJC_WEAK = YES;
				CLANG_WARN_BLOCK_CAPTURE_AUTORELEASING = YES;
				CLANG_WARN_BOOL_CONVERSION = YES;
				CLANG_WARN_COMMA = YES;
				CLANG_WARN_CONSTANT_CONVERSION = YES;
				CLANG_WARN_DEPRECATED_OBJC_IMPLEMENTATIONS = YES;
				CLANG_WARN_DIRECT_OBJC_ISA_USAGE = YES_ERROR;
				CLANG_WARN_DOCUMENTATION_COMMENTS = YES;
				CLANG_WARN_EMPTY_BODY = YES;
				CLANG_WARN_ENUM_CONVERSION = YES;
				CLANG_WARN_INFINITE_RECURSION = YES;
				CLANG_WARN_INT_CONVERSION = YES;
				CLANG_WARN_NON_LITERAL_NULL_CONVERSION = YES;
				CLANG_WARN_OBJC_IMPLICIT_RETAIN_SELF = YES;
				CLANG_WARN_OBJC_LITERAL_CONVERSION = YES;
				CLANG_WARN_OBJC_ROOT_CLASS = YES_ERROR;
				CLANG_WARN_QUOTED_INCLUDE_IN_FRAMEWORK_HEADER = YES;
				CLANG_WARN_RANGE_LOOP_ANALYSIS = YES;
				CLANG_WARN_STRICT_PROTOTYPES = YES;
				CLANG_WARN_SUSPICIOUS_MOVE = YES;
				CLANG_WARN_UNGUARDED_AVAILABILITY = YES_AGGRESSIVE;
				CLANG_WARN_UNREACHABLE_CODE = YES;
				CLANG_WARN__DUPLICATE_METHOD_MATCH = YES;
				COPY_PHASE_STRIP = NO;
				DEBUG_INFORMATION_FORMAT = dwarf;
				ENABLE_STRICT_OBJC_MSGSEND = YES;
				ENABLE_TESTABILITY = YES;
				GCC_C_LANGUAGE_STANDARD = gnu11;
				GCC_DYNAMIC_NO_PIC = NO;
				GCC_NO_COMMON_BLOCKS = YES;
				GCC_OPTIMIZATION_LEVEL = 0;
				GCC_PREPROCESSOR_DEFINITIONS = (
					"DEBUG=1",
					"$(inherited)",
				);
				GCC_WARN_64_TO_32_BIT_CONVERSION = YES;
				GCC_WARN_ABOUT_RETURN_TYPE = YES_ERROR;
				GCC_WARN_UNDECLARED_SELECTOR = YES;
				GCC_WARN_UNINITIALIZED_AUTOS = YES_AGGRESSIVE;
				GCC_WARN_UNUSED_FUNCTION = YES;
				GCC_WARN_UNUSED_VARIABLE = YES;
				MTL_ENABLE_DEBUG_INFO = INCLUDE_SOURCE;
				MTL_FAST_MATH = YES;
				ONLY_ACTIVE_ARCH = YES;
				PRODUCT_NAME = "$(TARGET_NAME)";
				SWIFT_ACTIVE_COMPILATION_CONDITIONS = DEBUG;
				SWIFT_OPTIMIZATION_LEVEL = "-Onone";
				SWIFT_VERSION = 5.0;
			};
			name = Debug;
		};
/* End XCBuildConfiguration section */

/* Begin XCConfigurationList section */
		1DE2AD68DF15A0612E08D9C2 /* Build configuration list for PBXProject "BuildTrack" */ = {
			isa = XCConfigurationList;
			buildConfigurations = (
				692D8C7A5DA389F47FC66DEC /* Debug */,
				14F9B8C2E3576A027DB60D3B /* Release */,
			);
			defaultConfigurationIsVisible = 0;
			defaultConfigurationName = Release;
		};
		7C530D4B020ECFDE9E347A59 /* Build configuration list for PBXNativeTarget "BuildTrack" */ = {
			isa = XCConfigurationList;
			buildConfigurations = (
				2B73CE52AE185546DF519B2F /* Release */,
				00140E7820ABB6AA25D801D0 /* Debug */,
			);
			defaultConfigurationIsVisible = 0;
			defaultConfigurationName = Release;
		};
		D24612E1A6D490022A0B5E87 /* Build configuration list for <deleted target> */ = {
			isa = XCConfigurationList;
			buildConfigurations = (
				76C8D6FA3B2218884034AC35 /* Debug */,
				0AC7B475037E95A8521B6E8B /* Release */,
			);
			defaultConfigurationIsVisible = 0;
			defaultConfigurationName = Release;
		};
/* End XCConfigurationList section */

/* Begin XCRemoteSwiftPackageReference section */
		B8D87DF5A8834F6D9735D82F /* XCRemoteSwiftPackageReference "supabase-swift" */ = {
			isa = XCRemoteSwiftPackageReference;
			repositoryURL = "https://github.com/supabase-community/supabase-swift.git";
			requirement = {
				kind = upToNextMajorVersion;
				minimumVersion = 2.0.0;
			};
		};
/* End XCRemoteSwiftPackageReference section */

/* Begin XCSwiftPackageProductDependency section */
		148C7787F2188667CB14B6C4 /* Supabase */ = {
			isa = XCSwiftPackageProductDependency;
			package = B8D87DF5A8834F6D9735D82F /* XCRemoteSwiftPackageReference "supabase-swift" */;
			productName = Supabase;
		};
/* End XCSwiftPackageProductDependency section */
	};
	rootObject = 283EBA771F935E5728BBF753 /* Project object */;
}
